github.com/TeoSlayer/pilotprotocol v1.10.5 h1:2zIVdjLoGSBnRtzpKSFvM9J1tf4Vp1fNmsZGBbBWLus=
github.com/TeoSlayer/pilotprotocol v1.10.5/go.mod h1:gabsXHzwAeIJGSU5zdwoeSolP5dWfPrmZZj6obS0sBw=
github.com/pilot-protocol/app-store v0.1.0 h1:mMEbr04GURXWuFd4kQBONZZK+AMrXxdVt+IujeySfo8=
github.com/pilot-protocol/app-store v0.1.0/go.mod h1:0fo1XjzzLHmRMGuTc22aOLAseQzms7qM4QXfGilmMWY=
